
Microsoft Visual Studio Solution File, Format Version 12.00
# Visual Studio Version 17
VisualStudioVersion = 17.14.36616.10 d17.14
MinimumVisualStudioVersion = 10.0.40219.1
Project("{FAE04EC0-301F-11D3-BF4B-00C04F79EFBC}") = "Moka.Api", "Moka.Api\Moka.Api.csproj", "{99FA784D-ACCC-4E2D-BE23-97B929DE70E6}"
EndProject
Project("{FAE04EC0-301F-11D3-BF4B-00C04F79EFBC}") = "Moka.Simulator", "Moka.Simulator\Moka.Simulator.csproj", "{AF44892E-575D-4133-AB63-7E81AE645232}"
EndProject
Project("{FAE04EC0-301F-11D3-BF4B-00C04F79EFBC}") = "Moka.Contracts", "Moka.Contracts\Moka.Contracts.csproj", "{5BE4ED65-3A23-9A39-AD3A-B14A12B61F89}"
EndProject
Global
	GlobalSection(SolutionConfigurationPlatforms) = preSolution
		Debug|Any CPU = Debug|Any CPU
		Release|Any CPU = Release|Any CPU
	EndGlobalSection
	GlobalSection(ProjectConfigurationPlatforms) = postSolution
		{99FA784D-ACCC-4E2D-BE23-97B929DE70E6}.Debug|Any CPU.ActiveCfg = Debug|Any CPU
		{99FA784D-ACCC-4E2D-BE23-97B929DE70E6}.Debug|Any CPU.Build.0 = Debug|Any CPU
		{99FA784D-ACCC-4E2D-BE23-97B929DE70E6}.Release|Any CPU.ActiveCfg = Release|Any CPU
		{99FA784D-ACCC-4E2D-BE23-97B929DE70E6}.Release|Any CPU.Build.0 = Release|Any CPU
		{AF44892E-575D-4133-AB63-7E81AE645232}.Debug|Any CPU.ActiveCfg = Debug|Any CPU
		{AF44892E-575D-4133-AB63-7E81AE645232}.Debug|Any CPU.Build.0 = Debug|Any CPU
		{AF44892E-575D-4133-AB63-7E81AE645232}.Release|Any CPU.ActiveCfg = Release|Any CPU
		{AF44892E-575D-4133-AB63-7E81AE645232}.Release|Any CPU.Build.0 = Release|Any CPU
		{5BE4ED65-3A23-9A39-AD3A-B14A12B61F89}.Debug|Any CPU.ActiveCfg = Debug|Any CPU
		{5BE4ED65-3A23-9A39-AD3A-B14A12B61F89}.Debug|Any CPU.Build.0 = Debug|Any CPU
		{5BE4ED65-3A23-9A39-AD3A-B14A12B61F89}.Release|Any CPU.ActiveCfg = Release|Any CPU
		{5BE4ED65-3A23-9A39-AD3A-B14A12B61F89}.Release|Any CPU.Build.0 = Release|Any CPU
	EndGlobalSection
	GlobalSection(SolutionProperties) = preSolution
		HideSolutionNode = FALSE
	EndGlobalSection
	GlobalSection(ExtensibilityGlobals) = postSolution
		SolutionGuid = {FA18709D-3638-4465-9A4B-DBDE3AACD06D}
	EndGlobalSection
EndGlobal
